{
  "name": "tmp_ubigeo",
  "version": "1.0.0",
  "lockfileVersion": 3,
  "requires": true,
  "packages": {
    "": {
      "name": "tmp_ubigeo",
      "version": "1.0.0",
      "license": "ISC",
      "dependencies": {
        "ubigeo-peru": "^2.0.2"
      }
    },
    "node_modules/ubigeo-peru": {
      "version": "2.0.2",
      "resolved": "https://registry.npmjs.org/ubigeo-peru/-/ubigeo-peru-2.0.2.tgz",
      "integrity": "sha512-AFMlOcnB9cj2Y77ruZ2qej1UJISsMR59Nc6GgKJLR+Oz85ivCjJgLDH96IxSISwpku9QzHM4UtdLhWmdnDW96A==",
      "license": "GPL-3.0"
    }
  }
}
